
Microsoft Visual Studio Solution File, Format Version 12.00
# Visual Studio Version 17
VisualStudioVersion = 17.3.32825.248
MinimumVisualStudioVersion = 10.0.40219.1
Project("{FAE04EC0-301F-11D3-BF4B-00C04F79EFBC}") = "FInalProject_PDI", "FInalProject_PDI\FInalProject_PDI.csproj", "{8B66E5BC-F6EE-4AAE-BD18-E1070FEDE20A}"
EndProject
Global
	GlobalSection(SolutionConfigurationPlatforms) = preSolution
		Debug|Any CPU = Debug|Any CPU
		Release|Any CPU = Release|Any CPU
	EndGlobalSection
	GlobalSection(ProjectConfigurationPlatforms) = postSolution
		{8B66E5BC-F6EE-4AAE-BD18-E1070FEDE20A}.Debug|Any CPU.ActiveCfg = Debug|Any CPU
		{8B66E5BC-F6EE-4AAE-BD18-E1070FEDE20A}.Debug|Any CPU.Build.0 = Debug|Any CPU
		{8B66E5BC-F6EE-4AAE-BD18-E1070FEDE20A}.Release|Any CPU.ActiveCfg = Release|Any CPU
		{8B66E5BC-F6EE-4AAE-BD18-E1070FEDE20A}.Release|Any CPU.Build.0 = Release|Any CPU
	EndGlobalSection
	GlobalSection(SolutionProperties) = preSolution
		HideSolutionNode = FALSE
	EndGlobalSection
	GlobalSection(ExtensibilityGlobals) = postSolution
		SolutionGuid = {618389B3-A0BE-42ED-9477-30C73E0F2D09}
	EndGlobalSection
EndGlobal
